
Microsoft Visual Studio Solution File, Format Version 12.00
# Visual Studio Version 16
VisualStudioVersion = 16.0.31613.86
MinimumVisualStudioVersion = 10.0.40219.1
Project("{FAE04EC0-301F-11D3-BF4B-00C04F79EFBC}") = "WebApplicationTest", "WebApplicationTest\WebApplicationTest.csproj", "{791EA00F-1198-4CEC-A1DF-85BF1EBCE744}"
EndProject
Global
	GlobalSection(SolutionConfigurationPlatforms) = preSolution
		Debug|Any CPU = Debug|Any CPU
		Release|Any CPU = Release|Any CPU
	EndGlobalSection
	GlobalSection(ProjectConfigurationPlatforms) = postSolution
		{791EA00F-1198-4CEC-A1DF-85BF1EBCE744}.Debug|Any CPU.ActiveCfg = Debug|Any CPU
		{791EA00F-1198-4CEC-A1DF-85BF1EBCE744}.Debug|Any CPU.Build.0 = Debug|Any CPU
		{791EA00F-1198-4CEC-A1DF-85BF1EBCE744}.Release|Any CPU.ActiveCfg = Release|Any CPU
		{791EA00F-1198-4CEC-A1DF-85BF1EBCE744}.Release|Any CPU.Build.0 = Release|Any CPU
	EndGlobalSection
	GlobalSection(SolutionProperties) = preSolution
		HideSolutionNode = FALSE
	EndGlobalSection
	GlobalSection(ExtensibilityGlobals) = postSolution
		SolutionGuid = {4F21674D-F4C1-4C43-A00F-F19983C5A3D3}
	EndGlobalSection
EndGlobal
